
Microsoft Visual Studio Solution File, Format Version 12.00
# Visual Studio 15
VisualStudioVersion = 15.0.27004.2009
MinimumVisualStudioVersion = 10.0.40219.1
Project("{9A19103F-16F7-4668-BE54-9A1E7A4F7556}") = "OpenLR", "src\OpenLR\OpenLR.csproj", "{EC64B4E2-6637-4BC5-8FFE-0A16049ACD04}"
EndProject
Project("{2150E333-8FDC-42A3-9474-1A3956D46DE8}") = "src", "src", "{684B6559-C01F-4862-BA85-F0BF7642FB77}"
EndProject
Project("{9A19103F-16F7-4668-BE54-9A1E7A4F7556}") = "OpenLR.Geo", "src\OpenLR.Geo\OpenLR.Geo.csproj", "{A2D0D3EA-6D13-46A4-A5DD-7C181F6F00AD}"
EndProject
Project("{2150E333-8FDC-42A3-9474-1A3956D46DE8}") = "test", "test", "{E9F7404A-912C-429C-AD40-E4A8E4E47D20}"
EndProject
Project("{9A19103F-16F7-4668-BE54-9A1E7A4F7556}") = "OpenLR.Test", "test\OpenLR.Test\OpenLR.Test.csproj", "{9DAC0F4B-F928-4C53-AAFD-E60BCE6182F7}"
EndProject
Project("{2150E333-8FDC-42A3-9474-1A3956D46DE8}") = "Solution Items", "Solution Items", "{1108EDD1-DBA6-4728-9FCE-C403C1E2C0BD}"
	ProjectSection(SolutionItems) = preProject
		.gitignore = .gitignore
		.editorconfig = .editorconfig
		LICENSE.md = LICENSE.md
		README.md = README.md
		OpenLR.Common.props = OpenLR.Common.props
	EndProjectSection
EndProject
Project("{2150E333-8FDC-42A3-9474-1A3956D46DE8}") = "samples", "samples", "{082AB082-0910-4B42-AC57-330BE7C57771}"
EndProject
Global
	GlobalSection(SolutionConfigurationPlatforms) = preSolution
		Debug|Any CPU = Debug|Any CPU
		Release|Any CPU = Release|Any CPU
	EndGlobalSection
	GlobalSection(ProjectConfigurationPlatforms) = postSolution
		{EC64B4E2-6637-4BC5-8FFE-0A16049ACD04}.Debug|Any CPU.ActiveCfg = Debug|Any CPU
		{EC64B4E2-6637-4BC5-8FFE-0A16049ACD04}.Debug|Any CPU.Build.0 = Debug|Any CPU
		{EC64B4E2-6637-4BC5-8FFE-0A16049ACD04}.Release|Any CPU.ActiveCfg = Release|Any CPU
		{EC64B4E2-6637-4BC5-8FFE-0A16049ACD04}.Release|Any CPU.Build.0 = Release|Any CPU
		{A2D0D3EA-6D13-46A4-A5DD-7C181F6F00AD}.Debug|Any CPU.ActiveCfg = Debug|Any CPU
		{A2D0D3EA-6D13-46A4-A5DD-7C181F6F00AD}.Debug|Any CPU.Build.0 = Debug|Any CPU
		{A2D0D3EA-6D13-46A4-A5DD-7C181F6F00AD}.Release|Any CPU.ActiveCfg = Release|Any CPU
		{A2D0D3EA-6D13-46A4-A5DD-7C181F6F00AD}.Release|Any CPU.Build.0 = Release|Any CPU
		{9DAC0F4B-F928-4C53-AAFD-E60BCE6182F7}.Debug|Any CPU.ActiveCfg = Debug|Any CPU
		{9DAC0F4B-F928-4C53-AAFD-E60BCE6182F7}.Debug|Any CPU.Build.0 = Debug|Any CPU
		{9DAC0F4B-F928-4C53-AAFD-E60BCE6182F7}.Release|Any CPU.ActiveCfg = Release|Any CPU
		{9DAC0F4B-F928-4C53-AAFD-E60BCE6182F7}.Release|Any CPU.Build.0 = Release|Any CPU
	EndGlobalSection
	GlobalSection(SolutionProperties) = preSolution
		HideSolutionNode = FALSE
	EndGlobalSection
	GlobalSection(NestedProjects) = preSolution
		{EC64B4E2-6637-4BC5-8FFE-0A16049ACD04} = {684B6559-C01F-4862-BA85-F0BF7642FB77}
		{A2D0D3EA-6D13-46A4-A5DD-7C181F6F00AD} = {684B6559-C01F-4862-BA85-F0BF7642FB77}
		{9DAC0F4B-F928-4C53-AAFD-E60BCE6182F7} = {E9F7404A-912C-429C-AD40-E4A8E4E47D20}
	EndGlobalSection
	GlobalSection(ExtensibilityGlobals) = postSolution
		SolutionGuid = {450F7C5F-5081-4385-BC20-DC6117BAD3D2}
	EndGlobalSection
EndGlobal
