
Microsoft Visual Studio Solution File, Format Version 12.00
# Visual Studio 2013
VisualStudioVersion = 12.0.21005.1
MinimumVisualStudioVersion = 10.0.40219.1
Project("{FAE04EC0-301F-11D3-BF4B-00C04F79EFBC}") = "OpenLR", "OpenLR\OpenLR.csproj", "{036AD1DA-006A-48B6-826C-83D12561411D}"
EndProject
Project("{FAE04EC0-301F-11D3-BF4B-00C04F79EFBC}") = "OpenLR.Binary", "OpenLR.Binary\OpenLR.Binary.csproj", "{252D884C-8BED-4711-A2DA-21F8DC05D697}"
EndProject
Project("{FAE04EC0-301F-11D3-BF4B-00C04F79EFBC}") = "OpenLR.Tests", "OpenLR.Tests\OpenLR.Tests.csproj", "{FBE5BE08-EF13-4108-92B2-46A960879F33}"
EndProject
Project("{FAE04EC0-301F-11D3-BF4B-00C04F79EFBC}") = "OpenLR.XML", "OpenLR.XML\OpenLR.XML.csproj", "{CF358CF6-913D-47DC-9A83-DE90153A82F2}"
EndProject
Project("{FAE04EC0-301F-11D3-BF4B-00C04F79EFBC}") = "OpenLR.OsmSharp", "OpenLR.OsmSharp\OpenLR.OsmSharp.csproj", "{61C1F8E2-9AFB-4EDA-8465-B0ECB20296D7}"
EndProject
Global
	GlobalSection(SolutionConfigurationPlatforms) = preSolution
		Debug|Any CPU = Debug|Any CPU
		Release|Any CPU = Release|Any CPU
	EndGlobalSection
	GlobalSection(ProjectConfigurationPlatforms) = postSolution
		{036AD1DA-006A-48B6-826C-83D12561411D}.Debug|Any CPU.ActiveCfg = Debug|Any CPU
		{036AD1DA-006A-48B6-826C-83D12561411D}.Debug|Any CPU.Build.0 = Debug|Any CPU
		{036AD1DA-006A-48B6-826C-83D12561411D}.Release|Any CPU.ActiveCfg = Release|Any CPU
		{036AD1DA-006A-48B6-826C-83D12561411D}.Release|Any CPU.Build.0 = Release|Any CPU
		{252D884C-8BED-4711-A2DA-21F8DC05D697}.Debug|Any CPU.ActiveCfg = Debug|Any CPU
		{252D884C-8BED-4711-A2DA-21F8DC05D697}.Debug|Any CPU.Build.0 = Debug|Any CPU
		{252D884C-8BED-4711-A2DA-21F8DC05D697}.Release|Any CPU.ActiveCfg = Release|Any CPU
		{252D884C-8BED-4711-A2DA-21F8DC05D697}.Release|Any CPU.Build.0 = Release|Any CPU
		{FBE5BE08-EF13-4108-92B2-46A960879F33}.Debug|Any CPU.ActiveCfg = Debug|Any CPU
		{FBE5BE08-EF13-4108-92B2-46A960879F33}.Debug|Any CPU.Build.0 = Debug|Any CPU
		{FBE5BE08-EF13-4108-92B2-46A960879F33}.Release|Any CPU.ActiveCfg = Release|Any CPU
		{FBE5BE08-EF13-4108-92B2-46A960879F33}.Release|Any CPU.Build.0 = Release|Any CPU
		{CF358CF6-913D-47DC-9A83-DE90153A82F2}.Debug|Any CPU.ActiveCfg = Debug|Any CPU
		{CF358CF6-913D-47DC-9A83-DE90153A82F2}.Debug|Any CPU.Build.0 = Debug|Any CPU
		{CF358CF6-913D-47DC-9A83-DE90153A82F2}.Release|Any CPU.ActiveCfg = Release|Any CPU
		{CF358CF6-913D-47DC-9A83-DE90153A82F2}.Release|Any CPU.Build.0 = Release|Any CPU
		{61C1F8E2-9AFB-4EDA-8465-B0ECB20296D7}.Debug|Any CPU.ActiveCfg = Debug|Any CPU
		{61C1F8E2-9AFB-4EDA-8465-B0ECB20296D7}.Debug|Any CPU.Build.0 = Debug|Any CPU
		{61C1F8E2-9AFB-4EDA-8465-B0ECB20296D7}.Release|Any CPU.ActiveCfg = Release|Any CPU
		{61C1F8E2-9AFB-4EDA-8465-B0ECB20296D7}.Release|Any CPU.Build.0 = Release|Any CPU
	EndGlobalSection
	GlobalSection(SolutionProperties) = preSolution
		HideSolutionNode = FALSE
	EndGlobalSection
EndGlobal
