
Microsoft Visual Studio Solution File, Format Version 12.00
# Visual Studio 14
VisualStudioVersion = 14.0.25420.1
MinimumVisualStudioVersion = 10.0.40219.1
Project("{FAE04EC0-301F-11D3-BF4B-00C04F79EFBC}") = "OpenLR", "OpenLR\OpenLR.csproj", "{036AD1DA-006A-48B6-826C-83D12561411D}"
EndProject
Project("{FAE04EC0-301F-11D3-BF4B-00C04F79EFBC}") = "OpenLR.Tests", "OpenLR.Tests\OpenLR.Tests.csproj", "{FBE5BE08-EF13-4108-92B2-46A960879F33}"
EndProject
Project("{FAE04EC0-301F-11D3-BF4B-00C04F79EFBC}") = "OpenLR.Geo", "OpenLR.Geo\OpenLR.Geo.csproj", "{9F81E567-35FB-4EF9-9675-C89B2CF00279}"
EndProject
Project("{FAE04EC0-301F-11D3-BF4B-00C04F79EFBC}") = "OpenLR.Tests.Functional", "OpenLR.Tests.Functional\OpenLR.Tests.Functional.csproj", "{730EDB56-7122-41F6-B4ED-5BC0DA3C03EE}"
EndProject
Project("{2150E333-8FDC-42A3-9474-1A3956D46DE8}") = "samples", "samples", "{BAE45825-A7AA-4F62-B80F-3288A99CA34E}"
EndProject
Project("{FAE04EC0-301F-11D3-BF4B-00C04F79EFBC}") = "Samples.NWB", "samples\Samples.NWB\Samples.NWB.csproj", "{EC408DBE-A08C-4132-AFC1-4939690E3D75}"
EndProject
Project("{FAE04EC0-301F-11D3-BF4B-00C04F79EFBC}") = "Samples.OSM", "samples\Samples.OSM\Samples.OSM.csproj", "{EC179DC9-835B-4549-B996-AD616A3566EF}"
EndProject
Global
	GlobalSection(SolutionConfigurationPlatforms) = preSolution
		Debug|Any CPU = Debug|Any CPU
		Debug|x64 = Debug|x64
		Release|Any CPU = Release|Any CPU
		Release|x64 = Release|x64
	EndGlobalSection
	GlobalSection(ProjectConfigurationPlatforms) = postSolution
		{036AD1DA-006A-48B6-826C-83D12561411D}.Debug|Any CPU.ActiveCfg = Debug|Any CPU
		{036AD1DA-006A-48B6-826C-83D12561411D}.Debug|Any CPU.Build.0 = Debug|Any CPU
		{036AD1DA-006A-48B6-826C-83D12561411D}.Debug|x64.ActiveCfg = Debug|x64
		{036AD1DA-006A-48B6-826C-83D12561411D}.Debug|x64.Build.0 = Debug|x64
		{036AD1DA-006A-48B6-826C-83D12561411D}.Release|Any CPU.ActiveCfg = Release|Any CPU
		{036AD1DA-006A-48B6-826C-83D12561411D}.Release|Any CPU.Build.0 = Release|Any CPU
		{036AD1DA-006A-48B6-826C-83D12561411D}.Release|x64.ActiveCfg = Release|x64
		{036AD1DA-006A-48B6-826C-83D12561411D}.Release|x64.Build.0 = Release|x64
		{FBE5BE08-EF13-4108-92B2-46A960879F33}.Debug|Any CPU.ActiveCfg = Debug|Any CPU
		{FBE5BE08-EF13-4108-92B2-46A960879F33}.Debug|Any CPU.Build.0 = Debug|Any CPU
		{FBE5BE08-EF13-4108-92B2-46A960879F33}.Debug|x64.ActiveCfg = Debug|x64
		{FBE5BE08-EF13-4108-92B2-46A960879F33}.Debug|x64.Build.0 = Debug|x64
		{FBE5BE08-EF13-4108-92B2-46A960879F33}.Release|Any CPU.ActiveCfg = Release|Any CPU
		{FBE5BE08-EF13-4108-92B2-46A960879F33}.Release|Any CPU.Build.0 = Release|Any CPU
		{FBE5BE08-EF13-4108-92B2-46A960879F33}.Release|x64.ActiveCfg = Release|x64
		{FBE5BE08-EF13-4108-92B2-46A960879F33}.Release|x64.Build.0 = Release|x64
		{9F81E567-35FB-4EF9-9675-C89B2CF00279}.Debug|Any CPU.ActiveCfg = Debug|Any CPU
		{9F81E567-35FB-4EF9-9675-C89B2CF00279}.Debug|Any CPU.Build.0 = Debug|Any CPU
		{9F81E567-35FB-4EF9-9675-C89B2CF00279}.Debug|x64.ActiveCfg = Debug|Any CPU
		{9F81E567-35FB-4EF9-9675-C89B2CF00279}.Debug|x64.Build.0 = Debug|Any CPU
		{9F81E567-35FB-4EF9-9675-C89B2CF00279}.Release|Any CPU.ActiveCfg = Release|Any CPU
		{9F81E567-35FB-4EF9-9675-C89B2CF00279}.Release|Any CPU.Build.0 = Release|Any CPU
		{9F81E567-35FB-4EF9-9675-C89B2CF00279}.Release|x64.ActiveCfg = Release|Any CPU
		{9F81E567-35FB-4EF9-9675-C89B2CF00279}.Release|x64.Build.0 = Release|Any CPU
		{730EDB56-7122-41F6-B4ED-5BC0DA3C03EE}.Debug|Any CPU.ActiveCfg = Debug|Any CPU
		{730EDB56-7122-41F6-B4ED-5BC0DA3C03EE}.Debug|Any CPU.Build.0 = Debug|Any CPU
		{730EDB56-7122-41F6-B4ED-5BC0DA3C03EE}.Debug|x64.ActiveCfg = Debug|Any CPU
		{730EDB56-7122-41F6-B4ED-5BC0DA3C03EE}.Debug|x64.Build.0 = Debug|Any CPU
		{730EDB56-7122-41F6-B4ED-5BC0DA3C03EE}.Release|Any CPU.ActiveCfg = Release|Any CPU
		{730EDB56-7122-41F6-B4ED-5BC0DA3C03EE}.Release|Any CPU.Build.0 = Release|Any CPU
		{730EDB56-7122-41F6-B4ED-5BC0DA3C03EE}.Release|x64.ActiveCfg = Release|Any CPU
		{730EDB56-7122-41F6-B4ED-5BC0DA3C03EE}.Release|x64.Build.0 = Release|Any CPU
		{EC408DBE-A08C-4132-AFC1-4939690E3D75}.Debug|Any CPU.ActiveCfg = Debug|Any CPU
		{EC408DBE-A08C-4132-AFC1-4939690E3D75}.Debug|Any CPU.Build.0 = Debug|Any CPU
		{EC408DBE-A08C-4132-AFC1-4939690E3D75}.Debug|x64.ActiveCfg = Debug|Any CPU
		{EC408DBE-A08C-4132-AFC1-4939690E3D75}.Debug|x64.Build.0 = Debug|Any CPU
		{EC408DBE-A08C-4132-AFC1-4939690E3D75}.Release|Any CPU.ActiveCfg = Release|Any CPU
		{EC408DBE-A08C-4132-AFC1-4939690E3D75}.Release|Any CPU.Build.0 = Release|Any CPU
		{EC408DBE-A08C-4132-AFC1-4939690E3D75}.Release|x64.ActiveCfg = Release|Any CPU
		{EC408DBE-A08C-4132-AFC1-4939690E3D75}.Release|x64.Build.0 = Release|Any CPU
		{EC179DC9-835B-4549-B996-AD616A3566EF}.Debug|Any CPU.ActiveCfg = Debug|Any CPU
		{EC179DC9-835B-4549-B996-AD616A3566EF}.Debug|Any CPU.Build.0 = Debug|Any CPU
		{EC179DC9-835B-4549-B996-AD616A3566EF}.Debug|x64.ActiveCfg = Debug|Any CPU
		{EC179DC9-835B-4549-B996-AD616A3566EF}.Debug|x64.Build.0 = Debug|Any CPU
		{EC179DC9-835B-4549-B996-AD616A3566EF}.Release|Any CPU.ActiveCfg = Release|Any CPU
		{EC179DC9-835B-4549-B996-AD616A3566EF}.Release|Any CPU.Build.0 = Release|Any CPU
		{EC179DC9-835B-4549-B996-AD616A3566EF}.Release|x64.ActiveCfg = Release|Any CPU
		{EC179DC9-835B-4549-B996-AD616A3566EF}.Release|x64.Build.0 = Release|Any CPU
	EndGlobalSection
	GlobalSection(SolutionProperties) = preSolution
		HideSolutionNode = FALSE
	EndGlobalSection
	GlobalSection(NestedProjects) = preSolution
		{EC408DBE-A08C-4132-AFC1-4939690E3D75} = {BAE45825-A7AA-4F62-B80F-3288A99CA34E}
		{EC179DC9-835B-4549-B996-AD616A3566EF} = {BAE45825-A7AA-4F62-B80F-3288A99CA34E}
	EndGlobalSection
EndGlobal
